
Microsoft Visual Studio Solution File, Format Version 12.00
# Visual Studio 15
VisualStudioVersion = 15.0.27004.2006
MinimumVisualStudioVersion = 10.0.40219.1
Project("{9A19103F-16F7-4668-BE54-9A1E7A4F7556}") = "DhtCrawler", "DhtCrawler\DhtCrawler.csproj", "{F4BEA567-5453-40DB-BA9F-244E122052AE}"
EndProject
Project("{9A19103F-16F7-4668-BE54-9A1E7A4F7556}") = "BitTorrent", "BitTorrent\BitTorrent.csproj", "{F4D83490-9CCB-4A86-8472-ECA169F95265}"
EndProject
Project("{9A19103F-16F7-4668-BE54-9A1E7A4F7556}") = "DhtCrawler.Test", "DhtCrawler.Test\DhtCrawler.Test.csproj", "{4585ECAF-4245-4A40-A19D-EFD10D20F645}"
EndProject
Project("{9A19103F-16F7-4668-BE54-9A1E7A4F7556}") = "DhtCrawler.Common", "DhtCrawler.Common\DhtCrawler.Common.csproj", "{8C7D7FB7-70D8-46F1-A6E0-87EF9F815EDC}"
EndProject
Project("{9A19103F-16F7-4668-BE54-9A1E7A4F7556}") = "DhtCrawler.Web", "DhtCrawler.Web\DhtCrawler.Web.csproj", "{E9352619-9DCA-4CCE-99F0-7AC8D072BD59}"
EndProject
Project("{9A19103F-16F7-4668-BE54-9A1E7A4F7556}") = "DhtCrawler.Service", "DhtCrawler.Service\DhtCrawler.Service.csproj", "{756154DD-7422-4DDC-83D6-F19340C59F52}"
EndProject
Project("{9A19103F-16F7-4668-BE54-9A1E7A4F7556}") = "DhtCrawler.Common.Web", "DhtCrawler.Common.Web\DhtCrawler.Common.Web.csproj", "{93D2A4B0-D838-42D1-BDC7-A97ED428F453}"
EndProject
Project("{FAE04EC0-301F-11D3-BF4B-00C04F79EFBC}") = "Sync", "Sync\Sync.csproj", "{9E79CD05-6565-4729-B337-FB1A512D9BD4}"
EndProject
Global
	GlobalSection(SolutionConfigurationPlatforms) = preSolution
		Debug|Any CPU = Debug|Any CPU
		Release|Any CPU = Release|Any CPU
	EndGlobalSection
	GlobalSection(ProjectConfigurationPlatforms) = postSolution
		{F4BEA567-5453-40DB-BA9F-244E122052AE}.Debug|Any CPU.ActiveCfg = Debug|Any CPU
		{F4BEA567-5453-40DB-BA9F-244E122052AE}.Debug|Any CPU.Build.0 = Debug|Any CPU
		{F4BEA567-5453-40DB-BA9F-244E122052AE}.Release|Any CPU.ActiveCfg = Release|Any CPU
		{F4BEA567-5453-40DB-BA9F-244E122052AE}.Release|Any CPU.Build.0 = Release|Any CPU
		{F4D83490-9CCB-4A86-8472-ECA169F95265}.Debug|Any CPU.ActiveCfg = Debug|Any CPU
		{F4D83490-9CCB-4A86-8472-ECA169F95265}.Debug|Any CPU.Build.0 = Debug|Any CPU
		{F4D83490-9CCB-4A86-8472-ECA169F95265}.Release|Any CPU.ActiveCfg = Release|Any CPU
		{F4D83490-9CCB-4A86-8472-ECA169F95265}.Release|Any CPU.Build.0 = Release|Any CPU
		{4585ECAF-4245-4A40-A19D-EFD10D20F645}.Debug|Any CPU.ActiveCfg = Debug|Any CPU
		{4585ECAF-4245-4A40-A19D-EFD10D20F645}.Debug|Any CPU.Build.0 = Debug|Any CPU
		{4585ECAF-4245-4A40-A19D-EFD10D20F645}.Release|Any CPU.ActiveCfg = Release|Any CPU
		{4585ECAF-4245-4A40-A19D-EFD10D20F645}.Release|Any CPU.Build.0 = Release|Any CPU
		{8C7D7FB7-70D8-46F1-A6E0-87EF9F815EDC}.Debug|Any CPU.ActiveCfg = Debug|Any CPU
		{8C7D7FB7-70D8-46F1-A6E0-87EF9F815EDC}.Debug|Any CPU.Build.0 = Debug|Any CPU
		{8C7D7FB7-70D8-46F1-A6E0-87EF9F815EDC}.Release|Any CPU.ActiveCfg = Release|Any CPU
		{8C7D7FB7-70D8-46F1-A6E0-87EF9F815EDC}.Release|Any CPU.Build.0 = Release|Any CPU
		{E9352619-9DCA-4CCE-99F0-7AC8D072BD59}.Debug|Any CPU.ActiveCfg = Debug|Any CPU
		{E9352619-9DCA-4CCE-99F0-7AC8D072BD59}.Debug|Any CPU.Build.0 = Debug|Any CPU
		{E9352619-9DCA-4CCE-99F0-7AC8D072BD59}.Release|Any CPU.ActiveCfg = Release|Any CPU
		{E9352619-9DCA-4CCE-99F0-7AC8D072BD59}.Release|Any CPU.Build.0 = Release|Any CPU
		{756154DD-7422-4DDC-83D6-F19340C59F52}.Debug|Any CPU.ActiveCfg = Debug|Any CPU
		{756154DD-7422-4DDC-83D6-F19340C59F52}.Debug|Any CPU.Build.0 = Debug|Any CPU
		{756154DD-7422-4DDC-83D6-F19340C59F52}.Release|Any CPU.ActiveCfg = Release|Any CPU
		{756154DD-7422-4DDC-83D6-F19340C59F52}.Release|Any CPU.Build.0 = Release|Any CPU
		{93D2A4B0-D838-42D1-BDC7-A97ED428F453}.Debug|Any CPU.ActiveCfg = Debug|Any CPU
		{93D2A4B0-D838-42D1-BDC7-A97ED428F453}.Debug|Any CPU.Build.0 = Debug|Any CPU
		{93D2A4B0-D838-42D1-BDC7-A97ED428F453}.Release|Any CPU.ActiveCfg = Release|Any CPU
		{93D2A4B0-D838-42D1-BDC7-A97ED428F453}.Release|Any CPU.Build.0 = Release|Any CPU
		{9E79CD05-6565-4729-B337-FB1A512D9BD4}.Debug|Any CPU.ActiveCfg = Debug|Any CPU
		{9E79CD05-6565-4729-B337-FB1A512D9BD4}.Debug|Any CPU.Build.0 = Debug|Any CPU
		{9E79CD05-6565-4729-B337-FB1A512D9BD4}.Release|Any CPU.ActiveCfg = Release|Any CPU
		{9E79CD05-6565-4729-B337-FB1A512D9BD4}.Release|Any CPU.Build.0 = Release|Any CPU
	EndGlobalSection
	GlobalSection(SolutionProperties) = preSolution
		HideSolutionNode = FALSE
	EndGlobalSection
	GlobalSection(ExtensibilityGlobals) = postSolution
		SolutionGuid = {98FBCA21-44A4-429B-AC48-A803C40562D0}
	EndGlobalSection
	GlobalSection(Performance) = preSolution
		HasPerformanceSessions = true
	EndGlobalSection
	GlobalSection(Performance) = preSolution
		HasPerformanceSessions = true
	EndGlobalSection
EndGlobal
